PODS:
  - ProtocolBuffers (1.9.11)
  - SVProgressHUD (2.1.2)

DEPENDENCIES:
  - ProtocolBuffers
  - SVProgressHUD

SPEC CHECKSUMS:
  ProtocolBuffers: d509225eb2ea43d9582a59e94348fcf86e2abd65
  SVProgressHUD: c404a55d78acbeb7ebb78b76d3faf986475a6994

PODFILE CHECKSUM: c53335271726cc43baa28d984450324defd45465

COCOAPODS: 1.2.1
